
Microsoft Visual Studio Solution File, Format Version 12.00
# Visual Studio Version 17
VisualStudioVersion = 17.8.34511.84
MinimumVisualStudioVersion = 10.0.40219.1
Project("{FAE04EC0-301F-11D3-BF4B-00C04F79EFBC}") = "GestContact_Blazor", "GestContact_Blazor\GestContact_Blazor.csproj", "{78AF58F4-A290-4E00-B0A3-0EB81064A6D2}"
EndProject
Project("{FAE04EC0-301F-11D3-BF4B-00C04F79EFBC}") = "GestContact_Blazor.Dal", "GestContact_Blazor.Dal\GestContact_Blazor.Dal.csproj", "{0010DBAA-6211-427D-A651-A12B227FC460}"
EndProject
Global
	GlobalSection(SolutionConfigurationPlatforms) = preSolution
		Debug|Any CPU = Debug|Any CPU
		Release|Any CPU = Release|Any CPU
	EndGlobalSection
	GlobalSection(ProjectConfigurationPlatforms) = postSolution
		{78AF58F4-A290-4E00-B0A3-0EB81064A6D2}.Debug|Any CPU.ActiveCfg = Debug|Any CPU
		{78AF58F4-A290-4E00-B0A3-0EB81064A6D2}.Debug|Any CPU.Build.0 = Debug|Any CPU
		{78AF58F4-A290-4E00-B0A3-0EB81064A6D2}.Release|Any CPU.ActiveCfg = Release|Any CPU
		{78AF58F4-A290-4E00-B0A3-0EB81064A6D2}.Release|Any CPU.Build.0 = Release|Any CPU
		{0010DBAA-6211-427D-A651-A12B227FC460}.Debug|Any CPU.ActiveCfg = Debug|Any CPU
		{0010DBAA-6211-427D-A651-A12B227FC460}.Debug|Any CPU.Build.0 = Debug|Any CPU
		{0010DBAA-6211-427D-A651-A12B227FC460}.Release|Any CPU.ActiveCfg = Release|Any CPU
		{0010DBAA-6211-427D-A651-A12B227FC460}.Release|Any CPU.Build.0 = Release|Any CPU
	EndGlobalSection
	GlobalSection(SolutionProperties) = preSolution
		HideSolutionNode = FALSE
	EndGlobalSection
	GlobalSection(ExtensibilityGlobals) = postSolution
		SolutionGuid = {48B4DE77-D142-476A-B17F-24A1BEF1C4CC}
	EndGlobalSection
EndGlobal
